
Microsoft Visual Studio Solution File, Format Version 12.00
# Visual Studio Version 17
VisualStudioVersion = 17.5.33627.172
MinimumVisualStudioVersion = 10.0.40219.1
Project("{9A19103F-16F7-4668-BE54-9A1E7A4F7556}") = "ApiWithAuth", "ApiWithAuth\ApiWithAuth.csproj", "{E031ABC2-BB0E-449D-A0BC-56589BA4C8F8}"
EndProject
Project("{E53339B2-1760-4266-BCC7-CA923CBCF16C}") = "docker-compose", "docker-compose.dcproj", "{3B71DB27-F925-46F1-9CCE-1D5947E9E3E2}"
EndProject
Global
	GlobalSection(SolutionConfigurationPlatforms) = preSolution
		Debug|Any CPU = Debug|Any CPU
		Release|Any CPU = Release|Any CPU
	EndGlobalSection
	GlobalSection(ProjectConfigurationPlatforms) = postSolution
		{E031ABC2-BB0E-449D-A0BC-56589BA4C8F8}.Debug|Any CPU.ActiveCfg = Debug|Any CPU
		{E031ABC2-BB0E-449D-A0BC-56589BA4C8F8}.Debug|Any CPU.Build.0 = Debug|Any CPU
		{E031ABC2-BB0E-449D-A0BC-56589BA4C8F8}.Release|Any CPU.ActiveCfg = Release|Any CPU
		{E031ABC2-BB0E-449D-A0BC-56589BA4C8F8}.Release|Any CPU.Build.0 = Release|Any CPU
		{3B71DB27-F925-46F1-9CCE-1D5947E9E3E2}.Debug|Any CPU.ActiveCfg = Debug|Any CPU
		{3B71DB27-F925-46F1-9CCE-1D5947E9E3E2}.Debug|Any CPU.Build.0 = Debug|Any CPU
		{3B71DB27-F925-46F1-9CCE-1D5947E9E3E2}.Release|Any CPU.ActiveCfg = Release|Any CPU
		{3B71DB27-F925-46F1-9CCE-1D5947E9E3E2}.Release|Any CPU.Build.0 = Release|Any CPU
	EndGlobalSection
	GlobalSection(SolutionProperties) = preSolution
		HideSolutionNode = FALSE
	EndGlobalSection
EndGlobal
